
Microsoft Visual Studio Solution File, Format Version 12.00
# Visual Studio Version 16
VisualStudioVersion = 16.0.30621.155
MinimumVisualStudioVersion = 10.0.40219.1
Project("{2150E333-8FDC-42A3-9474-1A3956D46DE8}") = "01 - Testes de Unidade", "01 - Testes de Unidade", "{70FF3648-722C-4EF6-B528-835E08D487CE}"
EndProject
Project("{2150E333-8FDC-42A3-9474-1A3956D46DE8}") = "1.1 - Testes Basicos", "1.1 - Testes Basicos", "{7ACD32B6-D652-4140-AFD6-290F926F3449}"
EndProject
Project("{2150E333-8FDC-42A3-9474-1A3956D46DE8}") = "2.2 Features", "2.2 Features", "{3E2535FD-D80B-444A-A7A5-9060076607F7}"
EndProject
Project("{9A19103F-16F7-4668-BE54-9A1E7A4F7556}") = "Demo", "src\Demo\Demo.csproj", "{8447B117-CB84-44F4-B8DC-EDCC7FD869D1}"
EndProject
Project("{9A19103F-16F7-4668-BE54-9A1E7A4F7556}") = "Demo.Tests", "src\Demo.Tests\Demo.Tests.csproj", "{94F83C81-0748-4979-91DC-9DFEA4158FF6}"
EndProject
Project("{9A19103F-16F7-4668-BE54-9A1E7A4F7556}") = "Features", "src\Features\Features.csproj", "{160F4CDC-A3E2-4935-A5E3-E908E33F00E9}"
EndProject
Project("{9A19103F-16F7-4668-BE54-9A1E7A4F7556}") = "Features.Tests", "src\Features.Tests\Features.Tests.csproj", "{8EB3E887-729B-43E3-BBEF-631D0FA0F196}"
EndProject
Project("{2150E333-8FDC-42A3-9474-1A3956D46DE8}") = "02 - TDD", "02 - TDD", "{1A417CA1-7ABA-4E4C-99E8-DB29BDDF505E}"
EndProject
Project("{2150E333-8FDC-42A3-9474-1A3956D46DE8}") = "Tests", "Tests", "{9189F14E-5768-404A-96E9-619D77138033}"
EndProject
Project("{9A19103F-16F7-4668-BE54-9A1E7A4F7556}") = "NerdStore.Vendas.Application.Tests", "tests\NerdStore.Vendas.Application.Tests\NerdStore.Vendas.Application.Tests.csproj", "{F44F784B-FEE2-41EF-815B-286273EBC0D9}"
EndProject
Project("{9A19103F-16F7-4668-BE54-9A1E7A4F7556}") = "NerdStore.Vendas.Domain.Tests", "tests\NerdStore.Vendas.Domain.Tests\NerdStore.Vendas.Domain.Tests.csproj", "{C330F7D9-8CD3-453E-BAEB-3A7B7134CDC7}"
EndProject
Project("{9A19103F-16F7-4668-BE54-9A1E7A4F7556}") = "NerdStore.Vendas.Domain", "src\NerdStore.Vendas.Domain\NerdStore.Vendas.Domain.csproj", "{EC82276C-6A10-4B3F-9A25-8A603A4468C0}"
EndProject
Project("{9A19103F-16F7-4668-BE54-9A1E7A4F7556}") = "NerdStore.Core", "src\NerdStore.Core\NerdStore.Core.csproj", "{0B7E05C5-C192-4A65-943F-0A79D6CB274D}"
EndProject
Project("{9A19103F-16F7-4668-BE54-9A1E7A4F7556}") = "NerdSore.Vendas.Application", "src\NerdSore.Vendas.Application\NerdSore.Vendas.Application.csproj", "{6718CC6C-797F-43BA-B343-6A45D6F59B31}"
EndProject
Project("{FAE04EC0-301F-11D3-BF4B-00C04F79EFBC}") = "NerdStore.Vendas.Data", "src\NerdStore.Vendas.Data\NerdStore.Vendas.Data.csproj", "{4612A0CF-9425-443B-BBF9-46B006D4149A}"
EndProject
Global
	GlobalSection(SolutionConfigurationPlatforms) = preSolution
		Debug|Any CPU = Debug|Any CPU
		Release|Any CPU = Release|Any CPU
	EndGlobalSection
	GlobalSection(ProjectConfigurationPlatforms) = postSolution
		{8447B117-CB84-44F4-B8DC-EDCC7FD869D1}.Debug|Any CPU.ActiveCfg = Debug|Any CPU
		{8447B117-CB84-44F4-B8DC-EDCC7FD869D1}.Debug|Any CPU.Build.0 = Debug|Any CPU
		{8447B117-CB84-44F4-B8DC-EDCC7FD869D1}.Release|Any CPU.ActiveCfg = Release|Any CPU
		{8447B117-CB84-44F4-B8DC-EDCC7FD869D1}.Release|Any CPU.Build.0 = Release|Any CPU
		{94F83C81-0748-4979-91DC-9DFEA4158FF6}.Debug|Any CPU.ActiveCfg = Debug|Any CPU
		{94F83C81-0748-4979-91DC-9DFEA4158FF6}.Debug|Any CPU.Build.0 = Debug|Any CPU
		{94F83C81-0748-4979-91DC-9DFEA4158FF6}.Release|Any CPU.ActiveCfg = Release|Any CPU
		{94F83C81-0748-4979-91DC-9DFEA4158FF6}.Release|Any CPU.Build.0 = Release|Any CPU
		{160F4CDC-A3E2-4935-A5E3-E908E33F00E9}.Debug|Any CPU.ActiveCfg = Debug|Any CPU
		{160F4CDC-A3E2-4935-A5E3-E908E33F00E9}.Debug|Any CPU.Build.0 = Debug|Any CPU
		{160F4CDC-A3E2-4935-A5E3-E908E33F00E9}.Release|Any CPU.ActiveCfg = Release|Any CPU
		{160F4CDC-A3E2-4935-A5E3-E908E33F00E9}.Release|Any CPU.Build.0 = Release|Any CPU
		{8EB3E887-729B-43E3-BBEF-631D0FA0F196}.Debug|Any CPU.ActiveCfg = Debug|Any CPU
		{8EB3E887-729B-43E3-BBEF-631D0FA0F196}.Debug|Any CPU.Build.0 = Debug|Any CPU
		{8EB3E887-729B-43E3-BBEF-631D0FA0F196}.Release|Any CPU.ActiveCfg = Release|Any CPU
		{8EB3E887-729B-43E3-BBEF-631D0FA0F196}.Release|Any CPU.Build.0 = Release|Any CPU
		{F44F784B-FEE2-41EF-815B-286273EBC0D9}.Debug|Any CPU.ActiveCfg = Debug|Any CPU
		{F44F784B-FEE2-41EF-815B-286273EBC0D9}.Debug|Any CPU.Build.0 = Debug|Any CPU
		{F44F784B-FEE2-41EF-815B-286273EBC0D9}.Release|Any CPU.ActiveCfg = Release|Any CPU
		{F44F784B-FEE2-41EF-815B-286273EBC0D9}.Release|Any CPU.Build.0 = Release|Any CPU
		{C330F7D9-8CD3-453E-BAEB-3A7B7134CDC7}.Debug|Any CPU.ActiveCfg = Debug|Any CPU
		{C330F7D9-8CD3-453E-BAEB-3A7B7134CDC7}.Debug|Any CPU.Build.0 = Debug|Any CPU
		{C330F7D9-8CD3-453E-BAEB-3A7B7134CDC7}.Release|Any CPU.ActiveCfg = Release|Any CPU
		{C330F7D9-8CD3-453E-BAEB-3A7B7134CDC7}.Release|Any CPU.Build.0 = Release|Any CPU
		{EC82276C-6A10-4B3F-9A25-8A603A4468C0}.Debug|Any CPU.ActiveCfg = Debug|Any CPU
		{EC82276C-6A10-4B3F-9A25-8A603A4468C0}.Debug|Any CPU.Build.0 = Debug|Any CPU
		{EC82276C-6A10-4B3F-9A25-8A603A4468C0}.Release|Any CPU.ActiveCfg = Release|Any CPU
		{EC82276C-6A10-4B3F-9A25-8A603A4468C0}.Release|Any CPU.Build.0 = Release|Any CPU
		{0B7E05C5-C192-4A65-943F-0A79D6CB274D}.Debug|Any CPU.ActiveCfg = Debug|Any CPU
		{0B7E05C5-C192-4A65-943F-0A79D6CB274D}.Debug|Any CPU.Build.0 = Debug|Any CPU
		{0B7E05C5-C192-4A65-943F-0A79D6CB274D}.Release|Any CPU.ActiveCfg = Release|Any CPU
		{0B7E05C5-C192-4A65-943F-0A79D6CB274D}.Release|Any CPU.Build.0 = Release|Any CPU
		{6718CC6C-797F-43BA-B343-6A45D6F59B31}.Debug|Any CPU.ActiveCfg = Debug|Any CPU
		{6718CC6C-797F-43BA-B343-6A45D6F59B31}.Debug|Any CPU.Build.0 = Debug|Any CPU
		{6718CC6C-797F-43BA-B343-6A45D6F59B31}.Release|Any CPU.ActiveCfg = Release|Any CPU
		{6718CC6C-797F-43BA-B343-6A45D6F59B31}.Release|Any CPU.Build.0 = Release|Any CPU
		{4612A0CF-9425-443B-BBF9-46B006D4149A}.Debug|Any CPU.ActiveCfg = Debug|Any CPU
		{4612A0CF-9425-443B-BBF9-46B006D4149A}.Debug|Any CPU.Build.0 = Debug|Any CPU
		{4612A0CF-9425-443B-BBF9-46B006D4149A}.Release|Any CPU.ActiveCfg = Release|Any CPU
		{4612A0CF-9425-443B-BBF9-46B006D4149A}.Release|Any CPU.Build.0 = Release|Any CPU
	EndGlobalSection
	GlobalSection(SolutionProperties) = preSolution
		HideSolutionNode = FALSE
	EndGlobalSection
	GlobalSection(NestedProjects) = preSolution
		{7ACD32B6-D652-4140-AFD6-290F926F3449} = {70FF3648-722C-4EF6-B528-835E08D487CE}
		{3E2535FD-D80B-444A-A7A5-9060076607F7} = {70FF3648-722C-4EF6-B528-835E08D487CE}
		{8447B117-CB84-44F4-B8DC-EDCC7FD869D1} = {7ACD32B6-D652-4140-AFD6-290F926F3449}
		{94F83C81-0748-4979-91DC-9DFEA4158FF6} = {7ACD32B6-D652-4140-AFD6-290F926F3449}
		{160F4CDC-A3E2-4935-A5E3-E908E33F00E9} = {3E2535FD-D80B-444A-A7A5-9060076607F7}
		{8EB3E887-729B-43E3-BBEF-631D0FA0F196} = {3E2535FD-D80B-444A-A7A5-9060076607F7}
		{9189F14E-5768-404A-96E9-619D77138033} = {1A417CA1-7ABA-4E4C-99E8-DB29BDDF505E}
		{F44F784B-FEE2-41EF-815B-286273EBC0D9} = {9189F14E-5768-404A-96E9-619D77138033}
		{C330F7D9-8CD3-453E-BAEB-3A7B7134CDC7} = {9189F14E-5768-404A-96E9-619D77138033}
		{EC82276C-6A10-4B3F-9A25-8A603A4468C0} = {1A417CA1-7ABA-4E4C-99E8-DB29BDDF505E}
		{0B7E05C5-C192-4A65-943F-0A79D6CB274D} = {1A417CA1-7ABA-4E4C-99E8-DB29BDDF505E}
		{6718CC6C-797F-43BA-B343-6A45D6F59B31} = {1A417CA1-7ABA-4E4C-99E8-DB29BDDF505E}
		{4612A0CF-9425-443B-BBF9-46B006D4149A} = {1A417CA1-7ABA-4E4C-99E8-DB29BDDF505E}
	EndGlobalSection
	GlobalSection(ExtensibilityGlobals) = postSolution
		SolutionGuid = {CAD57661-2880-4E0D-839F-34CEF81E3F53}
	EndGlobalSection
EndGlobal
